// !$*UTF8*$!
{
	archiveVersion = 1;
	classes = {
	};
	objectVersion = 77;
	objects = {

/* Begin PBXContainerItemProxy section */
		7FCE98192D3D7901000772F0 /* PBXContainerItemProxy */ = {
			isa = PBXContainerItemProxy;
			containerPortal = 7FCE98002D3D7900000772F0 /* Project object */;
			proxyType = 1;
			remoteGlobalIDString = 7FCE98072D3D7900000772F0;
			remoteInfo = PremierLeagueChat;
		};
		7FCE98232D3D7901000772F0 /* PBXContainerItemProxy */ = {
			isa = PBXContainerItemProxy;
			containerPortal = 7FCE98002D3D7900000772F0 /* Project object */;
			proxyType = 1;
			remoteGlobalIDString = 7FCE98072D3D7900000772F0;
			remoteInfo = PremierLeagueChat;
		};
/* End PBXContainerItemProxy section */

/* Begin PBXFileReference section */
		7FCE98082D3D7900000772F0 /* PremierLeagueChat.app */ = {isa = PBXFileReference; explicitFileType = wrapper.application; includeInIndex = 0; path = PremierLeagueChat.app; sourceTree = BUILT_PRODUCTS_DIR; };
		7FCE98182D3D7901000772F0 /* PremierLeagueChatTests.xctest */ = {isa = PBXFileReference; explicitFileType = wrapper.cfbundle; includeInIndex = 0; path = PremierLeagueChatTests.xctest; sourceTree = BUILT_PRODUCTS_DIR; };
		7FCE98222D3D7901000772F0 /* PremierLeagueChatUITests.xctest */ = {isa = PBXFileReference; explicitFileType = wrapper.cfbundle; includeInIndex = 0; path = PremierLeagueChatUITests.xctest; sourceTree = BUILT_PRODUCTS_DIR; };
/* End PBXFileReference section */

/* Begin PBXFileSystemSynchronizedRootGroup section */
		7FCE980A2D3D7900000772F0 /* PremierLeagueChat */ = {
			isa = PBXFileSystemSynchronizedRootGroup;
			path = PremierLeagueChat;
			sourceTree = "<group>";
		};
		7FCE981B2D3D7901000772F0 /* PremierLeagueChatTests */ = {
			isa = PBXFileSystemSynchronizedRootGroup;
			path = PremierLeagueChatTests;
			sourceTree = "<group>";
		};
		7FCE98252D3D7901000772F0 /* PremierLeagueChatUITests */ = {
			isa = PBXFileSystemSynchronizedRootGroup;
			path = PremierLeagueChatUITests;
			sourceTree = "<group>";
		};
/* End PBXFileSystemSynchronizedRootGroup section */

/* Begin PBXFrameworksBuildPhase section */
		7FCE98052D3D7900000772F0 /* Frameworks */ = {
			isa = PBXFrameworksBuildPhase;
			buildActionMask = 2147483647;
			files = (
			);
			runOnlyForDeploymentPostprocessing = 0;
		};
		7FCE98152D3D7901000772F0 /* Frameworks */ = {
			isa = PBXFrameworksBuildPhase;
			buildActionMask = 2147483647;
			files = (
			);
			runOnlyForDeploymentPostprocessing = 0;
		};
		7FCE981F2D3D7901000772F0 /* Frameworks */ = {
			isa = PBXFrameworksBuildPhase;
			buildActionMask = 2147483647;
			files = (
			);
			runOnlyForDeploymentPostprocessing = 0;
		};
/* End PBXFrameworksBuildPhase section */

/* Begin PBXGroup section */
		7FCE97FF2D3D7900000772F0 = {
			isa = PBXGroup;
			children = (
				7FCE980A2D3D7900000772F0 /* PremierLeagueChat */,
				7FCE981B2D3D7901000772F0 /* PremierLeagueChatTests */,
				7FCE98252D3D7901000772F0 /* PremierLeagueChatUITests */,
				7FCE98092D3D7900000772F0 /* Products */,
			);
			sourceTree = "<group>";
		};
		7FCE98092D3D7900000772F0 /* Products */ = {
			isa = PBXGroup;
			children = (
				7FCE98082D3D7900000772F0 /* PremierLeagueChat.app */,
				7FCE98182D3D7901000772F0 /* PremierLeagueChatTests.xctest */,
				7FCE98222D3D7901000772F0 /* PremierLeagueChatUITests.xctest */,
			);
			name = Products;
			sourceTree = "<group>";
		};
/* End PBXGroup section */

/* Begin PBXNativeTarget section */
		7FCE98072D3D7900000772F0 /* PremierLeagueChat */ = {
			isa = PBXNativeTarget;
			buildConfigurationList = 7FCE982C2D3D7901000772F0 /* Build configuration list for PBXNativeTarget "PremierLeagueChat" */;
			buildPhases = (
				7FCE98042D3D7900000772F0 /* Sources */,
				7FCE98052D3D7900000772F0 /* Frameworks */,
				7FCE98062D3D7900000772F0 /* Resources */,
			);
			buildRules = (
			);
			dependencies = (
			);
			fileSystemSynchronizedGroups = (
				7FCE980A2D3D7900000772F0 /* PremierLeagueChat */,
			);
			name = PremierLeagueChat;
			packageProductDependencies = (
			);
			productName = PremierLeagueChat;
			productReference = 7FCE98082D3D7900000772F0 /* PremierLeagueChat.app */;
			productType = "com.apple.product-type.application";
		};
		7FCE98172D3D7901000772F0 /* PremierLeagueChatTests */ = {
			isa = PBXNativeTarget;
			buildConfigurationList = 7FCE982F2D3D7901000772F0 /* Build configuration list for PBXNativeTarget "PremierLeagueChatTests" */;
			buildPhases = (
				7FCE98142D3D7901000772F0 /* Sources */,
				7FCE98152D3D7901000772F0 /* Frameworks */,
				7FCE98162D3D7901000772F0 /* Resources */,
			);
			buildRules = (
			);
			dependencies = (
				7FCE981A2D3D7901000772F0 /* PBXTargetDependency */,
			);
			fileSystemSynchronizedGroups = (
				7FCE981B2D3D7901000772F0 /* PremierLeagueChatTests */,
			);
			name = PremierLeagueChatTests;
			packageProductDependencies = (
			);
			productName = PremierLeagueChatTests;
			productReference = 7FCE98182D3D7901000772F0 /* PremierLeagueChatTests.xctest */;
			productType = "com.apple.product-type.bundle.unit-test";
		};
		7FCE98212D3D7901000772F0 /* PremierLeagueChatUITests */ = {
			isa = PBXNativeTarget;
			buildConfigurationList = 7FCE98322D3D7901000772F0 /* Build configuration list for PBXNativeTarget "PremierLeagueChatUITests" */;
			buildPhases = (
				7FCE981E2D3D7901000772F0 /* Sources */,
				7FCE981F2D3D7901000772F0 /* Frameworks */,
				7FCE98202D3D7901000772F0 /* Resources */,
			);
			buildRules = (
			);
			dependencies = (
				7FCE98242D3D7901000772F0 /* PBXTargetDependency */,
			);
			fileSystemSynchronizedGroups = (
				7FCE98252D3D7901000772F0 /* PremierLeagueChatUITests */,
			);
			name = PremierLeagueChatUITests;
			packageProductDependencies = (
			);
			productName = PremierLeagueChatUITests;
			productReference = 7FCE98222D3D7901000772F0 /* PremierLeagueChatUITests.xctest */;
			productType = "com.apple.product-type.bundle.ui-testing";
		};
/* End PBXNativeTarget section */

/* Begin PBXProject section */
		7FCE98002D3D7900000772F0 /* Project object */ = {
			isa = PBXProject;
			attributes = {
				BuildIndependentTargetsInParallel = 1;
				LastSwiftUpdateCheck = 1620;
				LastUpgradeCheck = 1620;
				TargetAttributes = {
					7FCE98072D3D7900000772F0 = {
						CreatedOnToolsVersion = 16.2;
					};
					7FCE98172D3D7901000772F0 = {
						CreatedOnToolsVersion = 16.2;
						TestTargetID = 7FCE98072D3D7900000772F0;
					};
					7FCE98212D3D7901000772F0 = {
						CreatedOnToolsVersion = 16.2;
						TestTargetID = 7FCE98072D3D7900000772F0;
					};
				};
			};
			buildConfigurationList = 7FCE98032D3D7900000772F0 /* Build configuration list for PBXProject "PremierLeagueChat" */;
			developmentRegion = en;
			hasScannedForEncodings = 0;
			knownRegions = (
				en,
				Base,
			);
			mainGroup = 7FCE97FF2D3D7900000772F0;
			minimizedProjectReferenceProxies = 1;
			preferredProjectObjectVersion = 77;
			productRefGroup = 7FCE98092D3D7900000772F0 /* Products */;
			projectDirPath = "";
			projectRoot = "";
			targets = (
				7FCE98072D3D7900000772F0 /* PremierLeagueChat */,
				7FCE98172D3D7901000772F0 /* PremierLeagueChatTests */,
				7FCE98212D3D7901000772F0 /* PremierLeagueChatUITests */,
			);
		};
/* End PBXProject section */

/* Begin PBXResourcesBuildPhase section */
		7FCE98062D3D7900000772F0 /* Resources */ = {
			isa = PBXResourcesBuildPhase;
			buildActionMask = 2147483647;
			files = (
			);
			runOnlyForDeploymentPostprocessing = 0;
		};
		7FCE98162D3D7901000772F0 /* Resources */ = {
			isa = PBXResourcesBuildPhase;
			buildActionMask = 2147483647;
			files = (
			);
			runOnlyForDeploymentPostprocessing = 0;
		};
		7FCE98202D3D7901000772F0 /* Resources */ = {
			isa = PBXResourcesBuildPhase;
			buildActionMask = 2147483647;
			files = (
			);
			runOnlyForDeploymentPostprocessing = 0;
		};
/* End PBXResourcesBuildPhase section */

/* Begin PBXSourcesBuildPhase section */
		7FCE98042D3D7900000772F0 /* Sources */ = {
			isa = PBXSourcesBuildPhase;
			buildActionMask = 2147483647;
			files = (
			);
			runOnlyForDeploymentPostprocessing = 0;
		};
		7FCE98142D3D7901000772F0 /* Sources */ = {
			isa = PBXSourcesBuildPhase;
			buildActionMask = 2147483647;
			files = (
			);
			runOnlyForDeploymentPostprocessing = 0;
		};
		7FCE981E2D3D7901000772F0 /* Sources */ = {
			isa = PBXSourcesBuildPhase;
			buildActionMask = 2147483647;
			files = (
			);
			runOnlyForDeploymentPostprocessing = 0;
		};
/* End PBXSourcesBuildPhase section */

/* Begin PBXTargetDependency section */
		7FCE981A2D3D7901000772F0 /* PBXTargetDependency */ = {
			isa = PBXTargetDependency;
			target = 7FCE98072D3D7900000772F0 /* PremierLeagueChat */;
			targetProxy = 7FCE98192D3D7901000772F0 /* PBXContainerItemProxy */;
		};
		7FCE98242D3D7901000772F0 /* PBXTargetDependency */ = {
			isa = PBXTargetDependency;
			target = 7FCE98072D3D7900000772F0 /* PremierLeagueChat */;
			targetProxy = 7FCE98232D3D7901000772F0 /* PBXContainerItemProxy */;
		};
/* End PBXTargetDependency section */

/* Begin XCBuildConfiguration section */
		7FCE982A2D3D7901000772F0 /* Debug */ = {
			isa = XCBuildConfiguration;
			buildSettings = {
				ALWAYS_SEARCH_USER_PATHS = NO;
				ASSETCATALOG_COMPILER_GENERATE_SWIFT_ASSET_SYMBOL_EXTENSIONS = YES;
				CLANG_ANALYZER_NONNULL = YES;
				CLANG_ANALYZER_NUMBER_OBJECT_CONVERSION = YES_AGGRESSIVE;
				CLANG_CXX_LANGUAGE_STANDARD = "gnu++20";
				CLANG_ENABLE_MODULES = YES;
				CLANG_ENABLE_OBJC_ARC = YES;
				CLANG_ENABLE_OBJC_WEAK = YES;
				CLANG_WARN_BLOCK_CAPTURE_AUTORELEASING = YES;
				CLANG_WARN_BOOL_CONVERSION = YES;
				CLANG_WARN_COMMA = YES;
				CLANG_WARN_CONSTANT_CONVERSION = YES;
				CLANG_WARN_DEPRECATED_OBJC_IMPLEMENTATIONS = YES;
				CLANG_WARN_DIRECT_OBJC_ISA_USAGE = YES_ERROR;
				CLANG_WARN_DOCUMENTATION_COMMENTS = YES;
				CLANG_WARN_EMPTY_BODY = YES;
				CLANG_WARN_ENUM_CONVERSION = YES;
				CLANG_WARN_INFINITE_RECURSION = YES;
				CLANG_WARN_INT_CONVERSION = YES;
				CLANG_WARN_NON_LITERAL_NULL_CONVERSION = YES;
				CLANG_WARN_OBJC_IMPLICIT_RETAIN_SELF = YES;
				CLANG_WARN_OBJC_LITERAL_CONVERSION = YES;
				CLANG_WARN_OBJC_ROOT_CLASS = YES_ERROR;
				CLANG_WARN_QUOTED_INCLUDE_IN_FRAMEWORK_HEADER = YES;
				CLANG_WARN_RANGE_LOOP_ANALYSIS = YES;
				CLANG_WARN_STRICT_PROTOTYPES = YES;
				CLANG_WARN_SUSPICIOUS_MOVE = YES;
				CLANG_WARN_UNGUARDED_AVAILABILITY = YES_AGGRESSIVE;
				CLANG_WARN_UNREACHABLE_CODE = YES;
				CLANG_WARN__DUPLICATE_METHOD_MATCH = YES;
				COPY_PHASE_STRIP = NO;
				DEBUG_INFORMATION_FORMAT = dwarf;
				ENABLE_STRICT_OBJC_MSGSEND = YES;
				ENABLE_TESTABILITY = YES;
				ENABLE_USER_SCRIPT_SANDBOXING = YES;
				GCC_C_LANGUAGE_STANDARD = gnu17;
				GCC_DYNAMIC_NO_PIC = NO;
				GCC_NO_COMMON_BLOCKS = YES;
				GCC_OPTIMIZATION_LEVEL = 0;
				GCC_PREPROCESSOR_DEFINITIONS = (
					"DEBUG=1",
					"$(inherited)",
				);
				GCC_WARN_64_TO_32_BIT_CONVERSION = YES;
				GCC_WARN_ABOUT_RETURN_TYPE = YES_ERROR;
				GCC_WARN_UNDECLARED_SELECTOR = YES;
				GCC_WARN_UNINITIALIZED_AUTOS = YES_AGGRESSIVE;
				GCC_WARN_UNUSED_FUNCTION = YES;
				GCC_WARN_UNUSED_VARIABLE = YES;
				IPHONEOS_DEPLOYMENT_TARGET = 18.2;
				LOCALIZATION_PREFERS_STRING_CATALOGS = YES;
				MTL_ENABLE_DEBUG_INFO = INCLUDE_SOURCE;
				MTL_FAST_MATH = YES;
				ONLY_ACTIVE_ARCH = YES;
				SDKROOT = iphoneos;
				SWIFT_ACTIVE_COMPILATION_CONDITIONS = "DEBUG $(inherited)";
				SWIFT_OPTIMIZATION_LEVEL = "-Onone";
			};
			name = Debug;
		};
		7FCE982B2D3D7901000772F0 /* Release */ = {
			isa = XCBuildConfiguration;
			buildSettings = {
				ALWAYS_SEARCH_USER_PATHS = NO;
				ASSETCATALOG_COMPILER_GENERATE_SWIFT_ASSET_SYMBOL_EXTENSIONS = YES;
				CLANG_ANALYZER_NONNULL = YES;
				CLANG_ANALYZER_NUMBER_OBJECT_CONVERSION = YES_AGGRESSIVE;
				CLANG_CXX_LANGUAGE_STANDARD = "gnu++20";
				CLANG_ENABLE_MODULES = YES;
				CLANG_ENABLE_OBJC_ARC = YES;
				CLANG_ENABLE_OBJC_WEAK = YES;
				CLANG_WARN_BLOCK_CAPTURE_AUTORELEASING = YES;
				CLANG_WARN_BOOL_CONVERSION = YES;
				CLANG_WARN_COMMA = YES;
				CLANG_WARN_CONSTANT_CONVERSION = YES;
				CLANG_WARN_DEPRECATED_OBJC_IMPLEMENTATIONS = YES;
				CLANG_WARN_DIRECT_OBJC_ISA_USAGE = YES_ERROR;
				CLANG_WARN_DOCUMENTATION_COMMENTS = YES;
				CLANG_WARN_EMPTY_BODY = YES;
				CLANG_WARN_ENUM_CONVERSION = YES;
				CLANG_WARN_INFINITE_RECURSION = YES;
				CLANG_WARN_INT_CONVERSION = YES;
				CLANG_WARN_NON_LITERAL_NULL_CONVERSION = YES;
				CLANG_WARN_OBJC_IMPLICIT_RETAIN_SELF = YES;
				CLANG_WARN_OBJC_LITERAL_CONVERSION = YES;
				CLANG_WARN_OBJC_ROOT_CLASS = YES_ERROR;
				CLANG_WARN_QUOTED_INCLUDE_IN_FRAMEWORK_HEADER = YES;
				CLANG_WARN_RANGE_LOOP_ANALYSIS = YES;
				CLANG_WARN_STRICT_PROTOTYPES = YES;
				CLANG_WARN_SUSPICIOUS_MOVE = YES;
				CLANG_WARN_UNGUARDED_AVAILABILITY = YES_AGGRESSIVE;
				CLANG_WARN_UNREACHABLE_CODE = YES;
				CLANG_WARN__DUPLICATE_METHOD_MATCH = YES;
				COPY_PHASE_STRIP = NO;
				DEBUG_INFORMATION_FORMAT = "dwarf-with-dsym";
				ENABLE_NS_ASSERTIONS = NO;
				ENABLE_STRICT_OBJC_MSGSEND = YES;
				ENABLE_USER_SCRIPT_SANDBOXING = YES;
				GCC_C_LANGUAGE_STANDARD = gnu17;
				GCC_NO_COMMON_BLOCKS = YES;
				GCC_WARN_64_TO_32_BIT_CONVERSION = YES;
				GCC_WARN_ABOUT_RETURN_TYPE = YES_ERROR;
				GCC_WARN_UNDECLARED_SELECTOR = YES;
				GCC_WARN_UNINITIALIZED_AUTOS = YES_AGGRESSIVE;
				GCC_WARN_UNUSED_FUNCTION = YES;
				GCC_WARN_UNUSED_VARIABLE = YES;
				IPHONEOS_DEPLOYMENT_TARGET = 18.2;
				LOCALIZATION_PREFERS_STRING_CATALOGS = YES;
				MTL_ENABLE_DEBUG_INFO = NO;
				MTL_FAST_MATH = YES;
				SDKROOT = iphoneos;
				SWIFT_COMPILATION_MODE = wholemodule;
				VALIDATE_PRODUCT = YES;
			};
			name = Release;
		};
		7FCE982D2D3D7901000772F0 /* Debug */ = {
			isa = XCBuildConfiguration;
			buildSettings = {
				ASSETCATALOG_COMPILER_APPICON_NAME = AppIcon;
				ASSETCATALOG_COMPILER_GLOBAL_ACCENT_COLOR_NAME = AccentColor;
				CODE_SIGN_STYLE = Automatic;
				CURRENT_PROJECT_VERSION = 1;
				DEVELOPMENT_ASSET_PATHS = "\"PremierLeagueChat/Preview Content\"";
				ENABLE_PREVIEWS = YES;
				GENERATE_INFOPLIST_FILE = YES;
				INFOPLIST_KEY_UIApplicationSceneManifest_Generation = YES;
				INFOPLIST_KEY_UIApplicationSupportsIndirectInputEvents = YES;
				INFOPLIST_KEY_UILaunchScreen_Generation = YES;
				INFOPLIST_KEY_UISupportedInterfaceOrientations_iPad = "UIInterfaceOrientationPortrait UIInterfaceOrientationPortraitUpsideDown UIInterfaceOrientationLandscapeLeft UIInterfaceOrientationLandscapeRight";
				INFOPLIST_KEY_UISupportedInterfaceOrientations_iPhone = "UIInterfaceOrientationPortrait UIInterfaceOrientationLandscapeLeft UIInterfaceOrientationLandscapeRight";
				LD_RUNPATH_SEARCH_PATHS = (
					"$(inherited)",
					"@executable_path/Frameworks",
				);
				MARKETING_VERSION = 1.0;
				PRODUCT_BUNDLE_IDENTIFIER = crystalballer.PremierLeagueChat;
				PRODUCT_NAME = "$(TARGET_NAME)";
				SWIFT_EMIT_LOC_STRINGS = YES;
				SWIFT_VERSION = 5.0;
				TARGETED_DEVICE_FAMILY = "1,2";
			};
			name = Debug;
		};
		7FCE982E2D3D7901000772F0 /* Release */ = {
			isa = XCBuildConfiguration;
			buildSettings = {
				ASSETCATALOG_COMPILER_APPICON_NAME = AppIcon;
				ASSETCATALOG_COMPILER_GLOBAL_ACCENT_COLOR_NAME = AccentColor;
				CODE_SIGN_STYLE = Automatic;
				CURRENT_PROJECT_VERSION = 1;
				DEVELOPMENT_ASSET_PATHS = "\"PremierLeagueChat/Preview Content\"";
				ENABLE_PREVIEWS = YES;
				GENERATE_INFOPLIST_FILE = YES;
				INFOPLIST_KEY_UIApplicationSceneManifest_Generation = YES;
				INFOPLIST_KEY_UIApplicationSupportsIndirectInputEvents = YES;
				INFOPLIST_KEY_UILaunchScreen_Generation = YES;
				INFOPLIST_KEY_UISupportedInterfaceOrientations_iPad = "UIInterfaceOrientationPortrait UIInterfaceOrientationPortraitUpsideDown UIInterfaceOrientationLandscapeLeft UIInterfaceOrientationLandscapeRight";
				INFOPLIST_KEY_UISupportedInterfaceOrientations_iPhone = "UIInterfaceOrientationPortrait UIInterfaceOrientationLandscapeLeft UIInterfaceOrientationLandscapeRight";
				LD_RUNPATH_SEARCH_PATHS = (
					"$(inherited)",
					"@executable_path/Frameworks",
				);
				MARKETING_VERSION = 1.0;
				PRODUCT_BUNDLE_IDENTIFIER = crystalballer.PremierLeagueChat;
				PRODUCT_NAME = "$(TARGET_NAME)";
				SWIFT_EMIT_LOC_STRINGS = YES;
				SWIFT_VERSION = 5.0;
				TARGETED_DEVICE_FAMILY = "1,2";
			};
			name = Release;
		};
		7FCE98302D3D7901000772F0 /* Debug */ = {
			isa = XCBuildConfiguration;
			buildSettings = {
				BUNDLE_LOADER = "$(TEST_HOST)";
				CODE_SIGN_STYLE = Automatic;
				CURRENT_PROJECT_VERSION = 1;
				GENERATE_INFOPLIST_FILE = YES;
				IPHONEOS_DEPLOYMENT_TARGET = 18.2;
				MARKETING_VERSION = 1.0;
				PRODUCT_BUNDLE_IDENTIFIER = crystalballer.PremierLeagueChatTests;
				PRODUCT_NAME = "$(TARGET_NAME)";
				SWIFT_EMIT_LOC_STRINGS = NO;
				SWIFT_VERSION = 5.0;
				TARGETED_DEVICE_FAMILY = "1,2";
				TEST_HOST = "$(BUILT_PRODUCTS_DIR)/PremierLeagueChat.app/$(BUNDLE_EXECUTABLE_FOLDER_PATH)/PremierLeagueChat";
			};
			name = Debug;
		};
		7FCE98312D3D7901000772F0 /* Release */ = {
			isa = XCBuildConfiguration;
			buildSettings = {
				BUNDLE_LOADER = "$(TEST_HOST)";
				CODE_SIGN_STYLE = Automatic;
				CURRENT_PROJECT_VERSION = 1;
				GENERATE_INFOPLIST_FILE = YES;
				IPHONEOS_DEPLOYMENT_TARGET = 18.2;
				MARKETING_VERSION = 1.0;
				PRODUCT_BUNDLE_IDENTIFIER = crystalballer.PremierLeagueChatTests;
				PRODUCT_NAME = "$(TARGET_NAME)";
				SWIFT_EMIT_LOC_STRINGS = NO;
				SWIFT_VERSION = 5.0;
				TARGETED_DEVICE_FAMILY = "1,2";
				TEST_HOST = "$(BUILT_PRODUCTS_DIR)/PremierLeagueChat.app/$(BUNDLE_EXECUTABLE_FOLDER_PATH)/PremierLeagueChat";
			};
			name = Release;
		};
		7FCE98332D3D7901000772F0 /* Debug */ = {
			isa = XCBuildConfiguration;
			buildSettings = {
				CODE_SIGN_STYLE = Automatic;
				CURRENT_PROJECT_VERSION = 1;
				GENERATE_INFOPLIST_FILE = YES;
				MARKETING_VERSION = 1.0;
				PRODUCT_BUNDLE_IDENTIFIER = crystalballer.PremierLeagueChatUITests;
				PRODUCT_NAME = "$(TARGET_NAME)";
				SWIFT_EMIT_LOC_STRINGS = NO;
				SWIFT_VERSION = 5.0;
				TARGETED_DEVICE_FAMILY = "1,2";
				TEST_TARGET_NAME = PremierLeagueChat;
			};
			name = Debug;
		};
		7FCE98342D3D7901000772F0 /* Release */ = {
			isa = XCBuildConfiguration;
			buildSettings = {
				CODE_SIGN_STYLE = Automatic;
				CURRENT_PROJECT_VERSION = 1;
				GENERATE_INFOPLIST_FILE = YES;
				MARKETING_VERSION = 1.0;
				PRODUCT_BUNDLE_IDENTIFIER = crystalballer.PremierLeagueChatUITests;
				PRODUCT_NAME = "$(TARGET_NAME)";
				SWIFT_EMIT_LOC_STRINGS = NO;
				SWIFT_VERSION = 5.0;
				TARGETED_DEVICE_FAMILY = "1,2";
				TEST_TARGET_NAME = PremierLeagueChat;
			};
			name = Release;
		};
/* End XCBuildConfiguration section */

/* Begin XCConfigurationList section */
		7FCE98032D3D7900000772F0 /* Build configuration list for PBXProject "PremierLeagueChat" */ = {
			isa = XCConfigurationList;
			buildConfigurations = (
				7FCE982A2D3D7901000772F0 /* Debug */,
				7FCE982B2D3D7901000772F0 /* Release */,
			);
			defaultConfigurationIsVisible = 0;
			defaultConfigurationName = Release;
		};
		7FCE982C2D3D7901000772F0 /* Build configuration list for PBXNativeTarget "PremierLeagueChat" */ = {
			isa = XCConfigurationList;
			buildConfigurations = (
				7FCE982D2D3D7901000772F0 /* Debug */,
				7FCE982E2D3D7901000772F0 /* Release */,
			);
			defaultConfigurationIsVisible = 0;
			defaultConfigurationName = Release;
		};
		7FCE982F2D3D7901000772F0 /* Build configuration list for PBXNativeTarget "PremierLeagueChatTests" */ = {
			isa = XCConfigurationList;
			buildConfigurations = (
				7FCE98302D3D7901000772F0 /* Debug */,
				7FCE98312D3D7901000772F0 /* Release */,
			);
			defaultConfigurationIsVisible = 0;
			defaultConfigurationName = Release;
		};
		7FCE98322D3D7901000772F0 /* Build configuration list for PBXNativeTarget "PremierLeagueChatUITests" */ = {
			isa = XCConfigurationList;
			buildConfigurations = (
				7FCE98332D3D7901000772F0 /* Debug */,
				7FCE98342D3D7901000772F0 /* Release */,
			);
			defaultConfigurationIsVisible = 0;
			defaultConfigurationName = Release;
		};
/* End XCConfigurationList section */
	};
	rootObject = 7FCE98002D3D7900000772F0 /* Project object */;
}
